
Microsoft Visual Studio Solution File, Format Version 12.00
# Visual Studio Version 16
VisualStudioVersion = 25.0.1706.13
MinimumVisualStudioVersion = 10.0.40219.1
Project("{FAE04EC0-301F-11D3-BF4B-00C04F79EFBC}") = "pdfApi", "pdfApi\pdfApi.csproj", "{A804DE9D-61B1-4072-B313-9E01498C20BF}"
EndProject
Project("{E53339B2-1760-4266-BCC7-CA923CBCF16C}") = "docker-compose", "docker-compose.dcproj", "{7445FDF7-C0FD-47B1-923D-0EB070002DE7}"
EndProject
Global
	GlobalSection(SolutionConfigurationPlatforms) = preSolution
		Debug|Any CPU = Debug|Any CPU
		Release|Any CPU = Release|Any CPU
	EndGlobalSection
	GlobalSection(ProjectConfigurationPlatforms) = postSolution
		{A804DE9D-61B1-4072-B313-9E01498C20BF}.Debug|Any CPU.ActiveCfg = Debug|Any CPU
		{A804DE9D-61B1-4072-B313-9E01498C20BF}.Debug|Any CPU.Build.0 = Debug|Any CPU
		{A804DE9D-61B1-4072-B313-9E01498C20BF}.Release|Any CPU.ActiveCfg = Release|Any CPU
		{A804DE9D-61B1-4072-B313-9E01498C20BF}.Release|Any CPU.Build.0 = Release|Any CPU
		{7445FDF7-C0FD-47B1-923D-0EB070002DE7}.Debug|Any CPU.ActiveCfg = Debug|Any CPU
		{7445FDF7-C0FD-47B1-923D-0EB070002DE7}.Debug|Any CPU.Build.0 = Debug|Any CPU
		{7445FDF7-C0FD-47B1-923D-0EB070002DE7}.Release|Any CPU.ActiveCfg = Release|Any CPU
		{7445FDF7-C0FD-47B1-923D-0EB070002DE7}.Release|Any CPU.Build.0 = Release|Any CPU
	EndGlobalSection
	GlobalSection(SolutionProperties) = preSolution
		HideSolutionNode = FALSE
	EndGlobalSection
	GlobalSection(ExtensibilityGlobals) = postSolution
		SolutionGuid = {8034BB80-A3B0-4576-B772-D214A69AB58C}
	EndGlobalSection
EndGlobal
